hash: e5ed4ab5dcadd2c24ed5950bfd3ae90c0de1677611194ad754bdae0d66f08d4e
updated: 2017-09-11T11:51:17.626225737-07:00
imports:
- name: github.com/golang/protobuf
  version: 17ce1425424ab154092bbb43af630bd647f3bb0d
  subpackages:
  - jsonpb
  - proto
  - ptypes
  - ptypes/any
  - ptypes/duration
  - ptypes/struct
  - ptypes/timestamp
- name: github.com/gorilla/websocket
  version: ea4d1f681babbce9545c9c5f3d5194a789c89f5b
- name: github.com/influxdata/influxdb
  version: 9d9001036d3585cf21925c13a57881bc6c8dcc7e
  subpackages:
  - client/v2
  - models
  - pkg/escape
- name: golang.org/x/net
  version: 66aacef3dd8a676686c7ae3716979581e8b03c47
  subpackages:
  - context
  - http2
  - http2/hpack
  - idna
  - internal/timeseries
  - lex/httplex
  - trace
  - websocket
- name: golang.org/x/text
  version: bd91bbf73e9a4a801adbfb97133c992678533126
  subpackages:
  - secure/bidirule
  - transform
  - unicode/bidi
  - unicode/norm
- name: google.golang.org/genproto
  version: 595979c8a7bf586b2d293fb42246bf91a0b893d9
  subpackages:
  - googleapis/rpc/status
- name: google.golang.org/grpc
  version: f92cdcd7dcdc69e81b2d7b338479a19a8723cfa3
  subpackages:
  - codes
  - connectivity
  - credentials
  - grpclb/grpc_lb_v1/messages
  - grpclog
  - internal
  - keepalive
  - metadata
  - naming
  - peer
  - stats
  - status
  - tap
  - transport
testImports: []
